
Microsoft Visual Studio Solution File, Format Version 12.00
# Visual Studio Version 17
VisualStudioVersion = 17.7.34221.43
MinimumVisualStudioVersion = 10.0.40219.1
Project("{FAE04EC0-301F-11D3-BF4B-00C04F79EFBC}") = "SmokeHouseApplication", "SmokeHouseApplication\SmokeHouseApplication.csproj", "{F4A2469D-4209-4E65-8376-369ABA987251}"
EndProject
Global
	GlobalSection(SolutionConfigurationPlatforms) = preSolution
		Debug|Any CPU = Debug|Any CPU
		Release|Any CPU = Release|Any CPU
	EndGlobalSection
	GlobalSection(ProjectConfigurationPlatforms) = postSolution
		{F4A2469D-4209-4E65-8376-369ABA987251}.Debug|Any CPU.ActiveCfg = Debug|Any CPU
		{F4A2469D-4209-4E65-8376-369ABA987251}.Debug|Any CPU.Build.0 = Debug|Any CPU
		{F4A2469D-4209-4E65-8376-369ABA987251}.Debug|Any CPU.Deploy.0 = Debug|Any CPU
		{F4A2469D-4209-4E65-8376-369ABA987251}.Release|Any CPU.ActiveCfg = Release|Any CPU
		{F4A2469D-4209-4E65-8376-369ABA987251}.Release|Any CPU.Build.0 = Release|Any CPU
		{F4A2469D-4209-4E65-8376-369ABA987251}.Release|Any CPU.Deploy.0 = Release|Any CPU
	EndGlobalSection
	GlobalSection(SolutionProperties) = preSolution
		HideSolutionNode = FALSE
	EndGlobalSection
	GlobalSection(ExtensibilityGlobals) = postSolution
		SolutionGuid = {FEEB95A0-2C69-471E-BEE7-68011275705A}
	EndGlobalSection
EndGlobal
